
Microsoft Visual Studio Solution File, Format Version 12.00
# Visual Studio Version 17
VisualStudioVersion = 17.11.35222.181
MinimumVisualStudioVersion = 10.0.40219.1
Project("{FAE04EC0-301F-11D3-BF4B-00C04F79EFBC}") = "Games", "Games.csproj", "{536DEEAE-7544-41A7-AE6A-EC8B93EBA82E}"
EndProject
Global
	GlobalSection(SolutionConfigurationPlatforms) = preSolution
		Debug|Any CPU = Debug|Any CPU
		Release|Any CPU = Release|Any CPU
	EndGlobalSection
	GlobalSection(ProjectConfigurationPlatforms) = postSolution
		{536DEEAE-7544-41A7-AE6A-EC8B93EBA82E}.Debug|Any CPU.ActiveCfg = Debug|Any CPU
		{536DEEAE-7544-41A7-AE6A-EC8B93EBA82E}.Debug|Any CPU.Build.0 = Debug|Any CPU
		{536DEEAE-7544-41A7-AE6A-EC8B93EBA82E}.Release|Any CPU.ActiveCfg = Release|Any CPU
		{536DEEAE-7544-41A7-AE6A-EC8B93EBA82E}.Release|Any CPU.Build.0 = Release|Any CPU
	EndGlobalSection
	GlobalSection(SolutionProperties) = preSolution
		HideSolutionNode = FALSE
	EndGlobalSection
	GlobalSection(ExtensibilityGlobals) = postSolution
		SolutionGuid = {0967AF7E-3EB1-4ED1-9DAB-C136CF2C80FE}
	EndGlobalSection
EndGlobal
